SITE
  remote: http://community.opscode.com/api/v1
  specs:
    apache2 (1.2.0)
    apt (1.5.0)

GIT
  remote: https://github.com/wharton/chef-coldfusion902
  ref: master
  sha: 2868abd0d7d011661bfcb39db148ca0edf321681
  specs:
    coldfusion902 (0.0.4)
      apache2 (>= 0.0.0)
      apt (>= 0.0.0)

DEPENDENCIES
  apache2 (>= 0)
  apt (>= 0)
  coldfusion902 (>= 0)

